version = 1
revision = 3
requires-python = ">=3.12"

[[package]]
name = "big-data-assignment-4196"
version = "0.1.0"
source = { virtual = "." }
dependencies = [
    { name = "confluent-kafka" },
    { name = "fastavro" },
]

[package.dev-dependencies]
dev = [
    { name = "ruff" },
]

[package.metadata]
requires-dist = [
    { name = "confluent-kafka", specifier = ">=2.12.2" },
    { name = "fastavro", specifier = ">=1.12.1" },
]

[package.metadata.requires-dev]
dev = [{ name = "ruff", specifier = ">=0.14.6" }]

[[package]]
name = "confluent-kafka"
version = "2.12.2"
source = { registry = "https://pypi.org/simple" }
sdist = { url = "https://files.pythonhosted.org/packages/c2/cd/18ffb1d2a7e189fee50b4a9597255e1078580d679daf913c25d0d13c3f88/confluent_kafka-2.12.2.tar.gz", hash = "sha256:5a50bfcd24f9dcf34b986f837f80126a71087364d44fcb8b45e8e74080fb6e98", size = 250423, upload-time = "2025-11-07T15:42:32.392Z" }
wheels = [
    { url = "https://files.pythonhosted.org/packages/9e/89/f5b31c882927b64f548ca9ceca6a4d60f29f60086fd229838df6900c7fb1/confluent_kafka-2.12.2-cp312-cp312-macosx_10_9_x86_64.whl", hash = "sha256:2b978c407de4f63cf06e659afaae4c14919e665c80e3a65ff3479bb4d42c1ef4", size = 3598735, upload-time = "2025-11-07T15:41:43.326Z" },
    { url = "https://files.pythonhosted.org/packages/51/9c/51c278db2e37c950c325ee362ed78006ca6e007d38c39f3c35c20e80bcf3/confluent_kafka-2.12.2-cp312-cp312-macosx_11_0_arm64.whl", hash = "sha256:bd9ebfd7b47105d1f3981944d47307c10c9fd1fd0b2044904ccdc7c2b8adb75a", size = 3158090, upload-time = "2025-11-07T15:41:44.942Z" },
    { url = "https://files.pythonhosted.org/packages/63/ab/3d9ff1d6efdd5cc577f92dc24debfebf08dcce46d2fa0dd7cd7094a9cfc8/confluent_kafka-2.12.2-cp312-cp312-manylinux_2_28_aarch64.whl", hash = "sha256:d35f5c5b84f6803eb7e974802577aa3a317bd9e44a438c7bd4074b56098467f2", size = 3695809, upload-time = "2025-11-07T15:41:46.552Z" },
    { url = "https://files.pythonhosted.org/packages/aa/cc/41b8f1bf6bd1ae978baf0928f79913493fbb036a53174d5658212c58cca5/confluent_kafka-2.12.2-cp312-cp312-manylinux_2_28_x86_64.whl", hash = "sha256:f189203de0200b986e2243215e052e787d8a426d92df815c440b76150da5b194", size = 3947426, upload-time = "2025-11-07T15:41:48.452Z" },
    { url = "https://files.pythonhosted.org/packages/5d/eb/8e0b6d6f26eff89549ee6d8729ff011ee040659907a48af9e1c7bfbf0324/confluent_kafka-2.12.2-cp312-cp312-win_amd64.whl", hash = "sha256:90bff1e56f1c382583dafb316bb5171e10659d3eaffcb477f28fa13a6f36fe04", size = 4068381, upload-time = "2025-11-07T15:41:50.054Z" },
    { url = "https://files.pythonhosted.org/packages/e1/28/b209303f607288c10fcfa5521bbaa56a6e298c088d5ac658b811ff77555d/confluent_kafka-2.12.2-cp313-cp313-macosx_13_0_arm64.whl", hash = "sha256:e888667c607741af5e4b36014d215c4ad2f214646e3da777505e4cf383ac5375", size = 3163179, upload-time = "2025-11-07T15:41:51.611Z" },
    { url = "https://files.pythonhosted.org/packages/7e/4c/fee4d5c0f5e907bfbb48d3da329b66ede8c7aa0a3af42a269cee5c3e44d9/confluent_kafka-2.12.2-cp313-cp313-macosx_13_0_x86_64.whl", hash = "sha256:adc98ecfbb2a41a234c72043c0ca46c941d5da61900d998f14f29a30baa2e688", size = 3602455, upload-time = "2025-11-07T15:41:53.216Z" },
    { url = "https://files.pythonhosted.org/packages/8c/c6/fe09a0683ef0bcf2c3b8df3b6827f1b4a95288c02bac1d93a154cddfb21c/confluent_kafka-2.12.2-cp313-cp313-manylinux_2_28_aarch64.whl", hash = "sha256:d0abde08fc133cfe6667226472518c6afbb80e083090c441c4ae4cddcd8ed921", size = 3696185, upload-time = "2025-11-07T15:41:54.633Z" },
    { url = "https://files.pythonhosted.org/packages/77/ed/23ae84c4ef04a38de36033a760b352fbbd51edee9e81d5c9f7c9eba18f09/confluent_kafka-2.12.2-cp313-cp313-manylinux_2_28_x86_64.whl", hash = "sha256:b3065064a86b4494c8c94eff9968845461918a2bc89e5a800a2920f722ed2cb1", size = 3947823, upload-time = "2025-11-07T15:41:56.343Z" },
    { url = "https://files.pythonhosted.org/packages/96/45/755cfc775d9f42ebd50507ab18ec2459ea06e0fc24be4f0829616c10539a/confluent_kafka-2.12.2-cp313-cp313-win_amd64.whl", hash = "sha256:26b2291694a300b7ff00b46eda835a06b124b4878527d32277d42ca39ee95dd9", size = 4128056, upload-time = "2025-11-07T15:41:57.787Z" },
    { url = "https://files.pythonhosted.org/packages/50/76/5b093946777976ee7acf46cac73b9f5a648ad81c0b8b2d64684f0ac84962/confluent_kafka-2.12.2-cp314-cp314-macosx_13_0_arm64.whl", hash = "sha256:0101be4b6037ad5a49f71c749bfd9f24e82607774f5fb4424c4dee6bf39a302d", size = 3162999, upload-time = "2025-11-07T15:41:59.645Z" },
    { url = "https://files.pythonhosted.org/packages/08/c4/67566514acb7ccdf77dd07633c9e47c52f9c087c1676faa6661147c70acc/confluent_kafka-2.12.2-cp314-cp314-macosx_13_0_x86_64.whl", hash = "sha256:27cc33a0c47f167db81b4f46d9e1c59582d9bfd8b3c21129a2ee400f5c93844e", size = 3602261, upload-time = "2025-11-07T15:42:01.571Z" },
    { url = "https://files.pythonhosted.org/packages/2d/3c/036b78024d93f293f1f09efe093ecc63a8c33d1f202e7126c56bbd3adb79/confluent_kafka-2.12.2-cp314-cp314-manylinux_2_28_aarch64.whl", hash = "sha256:38d23cf3f428451fc14c18aa53f5f3f1a37c7d89c44bfaf2862b3d6a5068e45c", size = 3696018, upload-time = "2025-11-07T15:42:03.147Z" },
    { url = "https://files.pythonhosted.org/packages/e5/f0/2fa9456bdad9585360df5dc3089a70cc03988c9542667a1db123e618929f/confluent_kafka-2.12.2-cp314-cp314-manylinux_2_28_x86_64.whl", hash = "sha256:eed1b0e540204c52d0ab40d621c371f52044a788b542f6e28a7756fd8f7a1029", size = 3947575, upload-time = "2025-11-07T15:42:04.727Z" },
    { url = "https://files.pythonhosted.org/packages/9a/22/ceb0ded4518f58805eff102d6c712809ae61dc0d6cfebcd4dba9246575ff/confluent_kafka-2.12.2-cp314-cp314-win_amd64.whl", hash = "sha256:ef411221bfdaffae944156826965b9a08777a5dff66d765a23108f7d6774706f", size = 4245477, upload-time = "2025-11-07T15:42:06.43Z" },
    { url = "https://files.pythonhosted.org/packages/2b/d4/fa67b636df3550269e0720416ff9275783c3c5ddb83e7b366518a68501fd/confluent_kafka-2.12.2-cp314-cp314t-macosx_13_0_arm64.whl", hash = "sha256:d04f69f6c269ccf6ec1a2ec327edf977a06e790f631ede18511093c1fe598fef", size = 3161636, upload-time = "2025-11-07T15:42:07.938Z" },
    { url = "https://files.pythonhosted.org/packages/9b/25/ce8a5d5fbcda376cb55763a399cfec345a50d6e8bde12e135a05f3b6bc37/confluent_kafka-2.12.2-cp314-cp314t-macosx_13_0_x86_64.whl", hash = "sha256:01a0429cac8fe38db49ebb9bda335b0c77f14455da72ccf351d49a51c1bd00a5", size = 3600121, upload-time = "2025-11-07T15:42:09.407Z" },
    { url = "https://files.pythonhosted.org/packages/2a/91/87f15f79b1b2ca2debf4095e886b6f2d6d9071b30c2ef9d5d6414761d9bb/confluent_kafka-2.12.2-cp314-cp314t-manylinux_2_28_aarch64.whl", hash = "sha256:82ec5302cf7c9ea06d556ed8e8ea8422d2a60035b607d64579ca63663276fe9b", size = 3694893, upload-time = "2025-11-07T15:42:11.051Z" },
    { url = "https://files.pythonhosted.org/packages/c6/20/e5d739aa776f4e92ab7a2c58a5250881352f8f0e0270aad0309c48ce33bb/confluent_kafka-2.12.2-cp314-cp314t-manylinux_2_28_x86_64.whl", hash = "sha256:de9dece5803e6b58d8c101cbceb90fa55ca96e0a5f40f10483a4c8f5f4027a69", size = 3946237, upload-time = "2025-11-07T15:42:14.147Z" },
]

[[package]]
name = "fastavro"
version = "1.12.1"
source = { registry = "https://pypi.org/simple" }
sdist = { url = "https://files.pythonhosted.org/packages/65/8b/fa2d3287fd2267be6261d0177c6809a7fa12c5600ddb33490c8dc29e77b2/fastavro-1.12.1.tar.gz", hash = "sha256:2f285be49e45bc047ab2f6bed040bb349da85db3f3c87880e4b92595ea093b2b", size = 1025661, upload-time = "2025-10-10T15:40:55.41Z" }
wheels = [
    { url = "https://files.pythonhosted.org/packages/7c/f0/10bd1a3d08667fa0739e2b451fe90e06df575ec8b8ba5d3135c70555c9bd/fastavro-1.12.1-cp312-cp312-macosx_10_13_universal2.whl", hash = "sha256:509818cb24b98a804fc80be9c5fed90f660310ae3d59382fc811bfa187122167", size = 1009057, upload-time = "2025-10-10T15:41:24.556Z" },
    { url = "https://files.pythonhosted.org/packages/78/ad/0d985bc99e1fa9e74c636658000ba38a5cd7f5ab2708e9c62eaf736ecf1a/fastavro-1.12.1-cp312-cp312-manylinux2014_aarch64.manylinux_2_17_aarch64.manylinux_2_28_aarch64.whl", hash = "sha256:089e155c0c76e0d418d7e79144ce000524dd345eab3bc1e9c5ae69d500f71b14", size = 3391866, upload-time = "2025-10-10T15:41:26.882Z" },
    { url = "https://files.pythonhosted.org/packages/0d/9e/b4951dc84ebc34aac69afcbfbb22ea4a91080422ec2bfd2c06076ff1d419/fastavro-1.12.1-cp312-cp312-manylinux2014_x86_64.manylinux_2_17_x86_64.manylinux_2_28_x86_64.whl", hash = "sha256:44cbff7518901c91a82aab476fcab13d102e4999499df219d481b9e15f61af34", size = 3458005, upload-time = "2025-10-10T15:41:29.017Z" },
    { url = "https://files.pythonhosted.org/packages/af/f8/5a8df450a9f55ca8441f22ea0351d8c77809fc121498b6970daaaf667a21/fastavro-1.12.1-cp312-cp312-musllinux_1_2_aarch64.whl", hash = "sha256:a275e48df0b1701bb764b18a8a21900b24cf882263cb03d35ecdba636bbc830b", size = 3295258, upload-time = "2025-10-10T15:41:31.564Z" },
    { url = "https://files.pythonhosted.org/packages/99/b2/40f25299111d737e58b85696e91138a66c25b7334f5357e7ac2b0e8966f8/fastavro-1.12.1-cp312-cp312-musllinux_1_2_x86_64.whl", hash = "sha256:2de72d786eb38be6b16d556b27232b1bf1b2797ea09599507938cdb7a9fe3e7c", size = 3430328, upload-time = "2025-10-10T15:41:33.689Z" },
    { url = "https://files.pythonhosted.org/packages/e0/07/85157a7c57c5f8b95507d7829b5946561e5ee656ff80e9dd9a757f53ddaf/fastavro-1.12.1-cp312-cp312-win_amd64.whl", hash = "sha256:9090f0dee63fe022ee9cc5147483366cc4171c821644c22da020d6b48f576b4f", size = 444140, upload-time = "2025-10-10T15:41:34.902Z" },
    { url = "https://files.pythonhosted.org/packages/bb/57/26d5efef9182392d5ac9f253953c856ccb66e4c549fd3176a1e94efb05c9/fastavro-1.12.1-cp313-cp313-macosx_10_13_universal2.whl", hash = "sha256:78df838351e4dff9edd10a1c41d1324131ffecbadefb9c297d612ef5363c049a", size = 1000599, upload-time = "2025-10-10T15:41:36.554Z" },
    { url = "https://files.pythonhosted.org/packages/33/cb/8ab55b21d018178eb126007a56bde14fd01c0afc11d20b5f2624fe01e698/fastavro-1.12.1-cp313-cp313-manylinux2014_aarch64.manylinux_2_17_aarch64.manylinux_2_28_aarch64.whl", hash = "sha256:780476c23175d2ae457c52f45b9ffa9d504593499a36cd3c1929662bf5b7b14b", size = 3335933, upload-time = "2025-10-10T15:41:39.07Z" },
    { url = "https://files.pythonhosted.org/packages/fe/03/9c94ec9bf873eb1ffb0aa694f4e71940154e6e9728ddfdc46046d7e8ced4/fastavro-1.12.1-cp313-cp313-manylinux2014_x86_64.manylinux_2_17_x86_64.manylinux_2_28_x86_64.whl", hash = "sha256:0714b285160fcd515eb0455540f40dd6dac93bdeacdb03f24e8eac3d8aa51f8d", size = 3402066, upload-time = "2025-10-10T15:41:41.608Z" },
    { url = "https://files.pythonhosted.org/packages/75/c8/cb472347c5a584ccb8777a649ebb28278fccea39d005fc7df19996f41df8/fastavro-1.12.1-cp313-cp313-musllinux_1_2_aarch64.whl", hash = "sha256:a8bc2dcec5843d499f2489bfe0747999108f78c5b29295d877379f1972a3d41a", size = 3240038, upload-time = "2025-10-10T15:41:43.743Z" },
    { url = "https://files.pythonhosted.org/packages/e1/77/569ce9474c40304b3a09e109494e020462b83e405545b78069ddba5f614e/fastavro-1.12.1-cp313-cp313-musllinux_1_2_x86_64.whl", hash = "sha256:3b1921ac35f3d89090a5816b626cf46e67dbecf3f054131f84d56b4e70496f45", size = 3369398, upload-time = "2025-10-10T15:41:45.719Z" },
    { url = "https://files.pythonhosted.org/packages/4a/1f/9589e35e9ea68035385db7bdbf500d36b8891db474063fb1ccc8215ee37c/fastavro-1.12.1-cp313-cp313-win_amd64.whl", hash = "sha256:5aa777b8ee595b50aa084104cd70670bf25a7bbb9fd8bb5d07524b0785ee1699", size = 444220, upload-time = "2025-10-10T15:41:47.39Z" },
    { url = "https://files.pythonhosted.org/packages/6c/d2/78435fe737df94bd8db2234b2100f5453737cffd29adee2504a2b013de84/fastavro-1.12.1-cp313-cp313t-macosx_10_13_universal2.whl", hash = "sha256:c3d67c47f177e486640404a56f2f50b165fe892cc343ac3a34673b80cc7f1dd6", size = 1086611, upload-time = "2025-10-10T15:41:48.818Z" },
    { url = "https://files.pythonhosted.org/packages/b6/be/428f99b10157230ddac77ec8cc167005b29e2bd5cbe228345192bb645f30/fastavro-1.12.1-cp313-cp313t-manylinux2014_aarch64.manylinux_2_17_aarch64.manylinux_2_28_aarch64.whl", hash = "sha256:5217f773492bac43dae15ff2931432bce2d7a80be7039685a78d3fab7df910bd", size = 3541001, upload-time = "2025-10-10T15:41:50.871Z" },
    { url = "https://files.pythonhosted.org/packages/16/08/a2eea4f20b85897740efe44887e1ac08f30dfa4bfc3de8962bdcbb21a5a1/fastavro-1.12.1-cp313-cp313t-manylinux2014_x86_64.manylinux_2_17_x86_64.manylinux_2_28_x86_64.whl", hash = "sha256:469fecb25cba07f2e1bfa4c8d008477cd6b5b34a59d48715e1b1a73f6160097d", size = 3432217, upload-time = "2025-10-10T15:41:53.149Z" },
    { url = "https://files.pythonhosted.org/packages/87/bb/b4c620b9eb6e9838c7f7e4b7be0762834443adf9daeb252a214e9ad3178c/fastavro-1.12.1-cp313-cp313t-musllinux_1_2_aarch64.whl", hash = "sha256:d71c8aa841ef65cfab709a22bb887955f42934bced3ddb571e98fdbdade4c609", size = 3366742, upload-time = "2025-10-10T15:41:55.237Z" },
    { url = "https://files.pythonhosted.org/packages/3d/d1/e69534ccdd5368350646fea7d93be39e5f77c614cca825c990bd9ca58f67/fastavro-1.12.1-cp313-cp313t-musllinux_1_2_x86_64.whl", hash = "sha256:b81fc04e85dfccf7c028e0580c606e33aa8472370b767ef058aae2c674a90746", size = 3383743, upload-time = "2025-10-10T15:41:57.68Z" },
    { url = "https://files.pythonhosted.org/packages/58/54/b7b4a0c3fb5fcba38128542da1b26c4e6d69933c923f493548bdfd63ab6a/fastavro-1.12.1-cp314-cp314-macosx_10_15_universal2.whl", hash = "sha256:9445da127751ba65975d8e4bdabf36bfcfdad70fc35b2d988e3950cce0ec0e7c", size = 1001377, upload-time = "2025-10-10T15:41:59.241Z" },
    { url = "https://files.pythonhosted.org/packages/1e/4f/0e589089c7df0d8f57d7e5293fdc34efec9a3b758a0d4d0c99a7937e2492/fastavro-1.12.1-cp314-cp314-manylinux2014_aarch64.manylinux_2_17_aarch64.manylinux_2_28_aarch64.whl", hash = "sha256:ed924233272719b5d5a6a0b4d80ef3345fc7e84fc7a382b6232192a9112d38a6", size = 3320401, upload-time = "2025-10-10T15:42:01.682Z" },
    { url = "https://files.pythonhosted.org/packages/f9/19/260110d56194ae29d7e423a336fccea8bcd103196d00f0b364b732bdb84e/fastavro-1.12.1-cp314-cp314-manylinux2014_x86_64.manylinux_2_17_x86_64.manylinux_2_28_x86_64.whl", hash = "sha256:3616e2f0e1c9265e92954fa099db79c6e7817356d3ff34f4bcc92699ae99697c", size = 3350894, upload-time = "2025-10-10T15:42:04.073Z" },
    { url = "https://files.pythonhosted.org/packages/d0/96/58b0411e8be9694d5972bee3167d6c1fd1fdfdf7ce253c1a19a327208f4f/fastavro-1.12.1-cp314-cp314-musllinux_1_2_aarch64.whl", hash = "sha256:cb0337b42fd3c047fcf0e9b7597bd6ad25868de719f29da81eabb6343f08d399", size = 3229644, upload-time = "2025-10-10T15:42:06.221Z" },
    { url = "https://files.pythonhosted.org/packages/5b/db/38660660eac82c30471d9101f45b3acfdcbadfe42d8f7cdb129459a45050/fastavro-1.12.1-cp314-cp314-musllinux_1_2_x86_64.whl", hash = "sha256:64961ab15b74b7c168717bbece5660e0f3d457837c3cc9d9145181d011199fa7", size = 3329704, upload-time = "2025-10-10T15:42:08.384Z" },
    { url = "https://files.pythonhosted.org/packages/9d/a9/1672910f458ecb30b596c9e59e41b7c00309b602a0494341451e92e62747/fastavro-1.12.1-cp314-cp314-win_amd64.whl", hash = "sha256:792356d320f6e757e89f7ac9c22f481e546c886454a6709247f43c0dd7058004", size = 452911, upload-time = "2025-10-10T15:42:09.795Z" },
    { url = "https://files.pythonhosted.org/packages/dc/8d/2e15d0938ded1891b33eff252e8500605508b799c2e57188a933f0bd744c/fastavro-1.12.1-cp314-cp314t-manylinux2014_aarch64.manylinux_2_17_aarch64.manylinux_2_28_aarch64.whl", hash = "sha256:120aaf82ac19d60a1016afe410935fe94728752d9c2d684e267e5b7f0e70f6d9", size = 3541999, upload-time = "2025-10-10T15:42:11.794Z" },
    { url = "https://files.pythonhosted.org/packages/a7/1c/6dfd082a205be4510543221b734b1191299e6a1810c452b6bc76dfa6968e/fastavro-1.12.1-cp314-cp314t-manylinux2014_x86_64.manylinux_2_17_x86_64.manylinux_2_28_x86_64.whl", hash = "sha256:b6a3462934b20a74f9ece1daa49c2e4e749bd9a35fa2657b53bf62898fba80f5", size = 3433972, upload-time = "2025-10-10T15:42:14.485Z" },
    { url = "https://files.pythonhosted.org/packages/24/90/9de694625a1a4b727b1ad0958d220cab25a9b6cf7f16a5c7faa9ea7b2261/fastavro-1.12.1-cp314-cp314t-musllinux_1_2_aarch64.whl", hash = "sha256:1f81011d54dd47b12437b51dd93a70a9aa17b61307abf26542fc3c13efbc6c51", size = 3368752, upload-time = "2025-10-10T15:42:16.618Z" },
    { url = "https://files.pythonhosted.org/packages/fa/93/b44f67589e4d439913dab6720f7e3507b0fa8b8e56d06f6fc875ced26afb/fastavro-1.12.1-cp314-cp314t-musllinux_1_2_x86_64.whl", hash = "sha256:43ded16b3f4a9f1a42f5970c2aa618acb23ea59c4fcaa06680bdf470b255e5a8", size = 3386636, upload-time = "2025-10-10T15:42:18.974Z" },
]

[[package]]
name = "ruff"
version = "0.14.6"
source = { registry = "https://pypi.org/simple" }
sdist = { url = "https://files.pythonhosted.org/packages/52/f0/62b5a1a723fe183650109407fa56abb433b00aa1c0b9ba555f9c4efec2c6/ruff-0.14.6.tar.gz", hash = "sha256:6f0c742ca6a7783a736b867a263b9a7a80a45ce9bee391eeda296895f1b4e1cc", size = 5669501, upload-time = "2025-11-21T14:26:17.903Z" }
wheels = [
    { url = "https://files.pythonhosted.org/packages/67/d2/7dd544116d107fffb24a0064d41a5d2ed1c9d6372d142f9ba108c8e39207/ruff-0.14.6-py3-none-linux_armv6l.whl", hash = "sha256:d724ac2f1c240dbd01a2ae98db5d1d9a5e1d9e96eba999d1c48e30062df578a3", size = 13326119, upload-time = "2025-11-21T14:25:24.2Z" },
    { url = "https://files.pythonhosted.org/packages/36/6a/ad66d0a3315d6327ed6b01f759d83df3c4d5f86c30462121024361137b6a/ruff-0.14.6-py3-none-macosx_10_12_x86_64.whl", hash = "sha256:9f7539ea257aa4d07b7ce87aed580e485c40143f2473ff2f2b75aee003186004", size = 13526007, upload-time = "2025-11-21T14:25:26.906Z" },
    { url = "https://files.pythonhosted.org/packages/a3/9d/dae6db96df28e0a15dea8e986ee393af70fc97fd57669808728080529c37/ruff-0.14.6-py3-none-macosx_11_0_arm64.whl", hash = "sha256:7f6007e55b90a2a7e93083ba48a9f23c3158c433591c33ee2e99a49b889c6332", size = 12676572, upload-time = "2025-11-21T14:25:29.826Z" },
    { url = "https://files.pythonhosted.org/packages/76/a4/f319e87759949062cfee1b26245048e92e2acce900ad3a909285f9db1859/ruff-0.14.6-py3-none-manylinux_2_17_aarch64.manylinux2014_aarch64.whl", hash = "sha256:0a8e7b9d73d8728b68f632aa8e824ef041d068d231d8dbc7808532d3629a6bef", size = 13140745, upload-time = "2025-11-21T14:25:32.788Z" },
    { url = "https://files.pythonhosted.org/packages/95/d3/248c1efc71a0a8ed4e8e10b4b2266845d7dfc7a0ab64354afe049eaa1310/ruff-0.14.6-py3-none-manylinux_2_17_armv7l.manylinux2014_armv7l.whl", hash = "sha256:d50d45d4553a3ebcbd33e7c5e0fe6ca4aafd9a9122492de357205c2c48f00775", size = 13076486, upload-time = "2025-11-21T14:25:35.601Z" },
    { url = "https://files.pythonhosted.org/packages/a5/19/b68d4563fe50eba4b8c92aa842149bb56dd24d198389c0ed12e7faff4f7d/ruff-0.14.6-py3-none-manylinux_2_17_i686.manylinux2014_i686.whl", hash = "sha256:118548dd121f8a21bfa8ab2c5b80e5b4aed67ead4b7567790962554f38e598ce", size = 13727563, upload-time = "2025-11-21T14:25:38.514Z" },
    { url = "https://files.pythonhosted.org/packages/47/ac/943169436832d4b0e867235abbdb57ce3a82367b47e0280fa7b4eabb7593/ruff-0.14.6-py3-none-manylinux_2_17_ppc64.manylinux2014_ppc64.whl", hash = "sha256:57256efafbfefcb8748df9d1d766062f62b20150691021f8ab79e2d919f7c11f", size = 15199755, upload-time = "2025-11-21T14:25:41.516Z" },
    { url = "https://files.pythonhosted.org/packages/c9/b9/288bb2399860a36d4bb0541cb66cce3c0f4156aaff009dc8499be0c24bf2/ruff-0.14.6-py3-none-manylinux_2_17_ppc64le.manylinux2014_ppc64le.whl", hash = "sha256:ff18134841e5c68f8e5df1999a64429a02d5549036b394fafbe410f886e1989d", size = 14850608, upload-time = "2025-11-21T14:25:44.428Z" },
    { url = "https://files.pythonhosted.org/packages/ee/b1/a0d549dd4364e240f37e7d2907e97ee80587480d98c7799d2d8dc7a2f605/ruff-0.14.6-py3-none-manylinux_2_17_s390x.manylinux2014_s390x.whl", hash = "sha256:29c4b7ec1e66a105d5c27bd57fa93203637d66a26d10ca9809dc7fc18ec58440", size = 14118754, upload-time = "2025-11-21T14:25:47.214Z" },
    { url = "https://files.pythonhosted.org/packages/13/ac/9b9fe63716af8bdfddfacd0882bc1586f29985d3b988b3c62ddce2e202c3/ruff-0.14.6-py3-none-manylinux_2_17_x86_64.manylinux2014_x86_64.whl", hash = "sha256:167843a6f78680746d7e226f255d920aeed5e4ad9c03258094a2d49d3028b105", size = 13949214, upload-time = "2025-11-21T14:25:50.002Z" },
    { url = "https://files.pythonhosted.org/packages/12/27/4dad6c6a77fede9560b7df6802b1b697e97e49ceabe1f12baf3ea20862e9/ruff-0.14.6-py3-none-manylinux_2_31_riscv64.whl", hash = "sha256:16a33af621c9c523b1ae006b1b99b159bf5ac7e4b1f20b85b2572455018e0821", size = 14106112, upload-time = "2025-11-21T14:25:52.841Z" },
    { url = "https://files.pythonhosted.org/packages/6a/db/23e322d7177873eaedea59a7932ca5084ec5b7e20cb30f341ab594130a71/ruff-0.14.6-py3-none-musllinux_1_2_aarch64.whl", hash = "sha256:1432ab6e1ae2dc565a7eea707d3b03a0c234ef401482a6f1621bc1f427c2ff55", size = 13035010, upload-time = "2025-11-21T14:25:55.536Z" },
    { url = "https://files.pythonhosted.org/packages/a8/9c/20e21d4d69dbb35e6a1df7691e02f363423658a20a2afacf2a2c011800dc/ruff-0.14.6-py3-none-musllinux_1_2_armv7l.whl", hash = "sha256:4c55cfbbe7abb61eb914bfd20683d14cdfb38a6d56c6c66efa55ec6570ee4e71", size = 13054082, upload-time = "2025-11-21T14:25:58.625Z" },
    { url = "https://files.pythonhosted.org/packages/66/25/906ee6a0464c3125c8d673c589771a974965c2be1a1e28b5c3b96cb6ef88/ruff-0.14.6-py3-none-musllinux_1_2_i686.whl", hash = "sha256:efea3c0f21901a685fff4befda6d61a1bf4cb43de16da87e8226a281d614350b", size = 13303354, upload-time = "2025-11-21T14:26:01.816Z" },
    { url = "https://files.pythonhosted.org/packages/4c/58/60577569e198d56922b7ead07b465f559002b7b11d53f40937e95067ca1c/ruff-0.14.6-py3-none-musllinux_1_2_x86_64.whl", hash = "sha256:344d97172576d75dc6afc0e9243376dbe1668559c72de1864439c4fc95f78185", size = 14054487, upload-time = "2025-11-21T14:26:05.058Z" },
    { url = "https://files.pythonhosted.org/packages/67/0b/8e4e0639e4cc12547f41cb771b0b44ec8225b6b6a93393176d75fe6f7d40/ruff-0.14.6-py3-none-win32.whl", hash = "sha256:00169c0c8b85396516fdd9ce3446c7ca20c2a8f90a77aa945ba6b8f2bfe99e85", size = 13013361, upload-time = "2025-11-21T14:26:08.152Z" },
    { url = "https://files.pythonhosted.org/packages/fb/02/82240553b77fd1341f80ebb3eaae43ba011c7a91b4224a9f317d8e6591af/ruff-0.14.6-py3-none-win_amd64.whl", hash = "sha256:390e6480c5e3659f8a4c8d6a0373027820419ac14fa0d2713bd8e6c3e125b8b9", size = 14432087, upload-time = "2025-11-21T14:26:10.891Z" },
    { url = "https://files.pythonhosted.org/packages/a5/1f/93f9b0fad9470e4c829a5bb678da4012f0c710d09331b860ee555216f4ea/ruff-0.14.6-py3-none-win_arm64.whl", hash = "sha256:d43c81fbeae52cfa8728d8766bbf46ee4298c888072105815b392da70ca836b2", size = 13520930, upload-time = "2025-11-21T14:26:13.951Z" },
]
